
Microsoft Visual Studio Solution File, Format Version 12.00
# Visual Studio Version 17
VisualStudioVersion = 17.3.32929.385
MinimumVisualStudioVersion = 10.0.40219.1
Project("{FAE04EC0-301F-11D3-BF4B-00C04F79EFBC}") = "CSPharma", "CSPharma.csproj", "{F18D962A-65DE-41C6-B481-A8557841C1F2}"
EndProject
Project("{FAE04EC0-301F-11D3-BF4B-00C04F79EFBC}") = "DAL_CSPharma", "..\DAL_CSPharma\DAL_CSPharma.csproj", "{6562BA4C-0FF3-4A79-924A-D2ACF33E585D}"
EndProject
Global
	GlobalSection(SolutionConfigurationPlatforms) = preSolution
		Debug|Any CPU = Debug|Any CPU
		Release|Any CPU = Release|Any CPU
	EndGlobalSection
	GlobalSection(ProjectConfigurationPlatforms) = postSolution
		{F18D962A-65DE-41C6-B481-A8557841C1F2}.Debug|Any CPU.ActiveCfg = Debug|Any CPU
		{F18D962A-65DE-41C6-B481-A8557841C1F2}.Debug|Any CPU.Build.0 = Debug|Any CPU
		{F18D962A-65DE-41C6-B481-A8557841C1F2}.Release|Any CPU.ActiveCfg = Release|Any CPU
		{F18D962A-65DE-41C6-B481-A8557841C1F2}.Release|Any CPU.Build.0 = Release|Any CPU
		{6562BA4C-0FF3-4A79-924A-D2ACF33E585D}.Debug|Any CPU.ActiveCfg = Debug|Any CPU
		{6562BA4C-0FF3-4A79-924A-D2ACF33E585D}.Debug|Any CPU.Build.0 = Debug|Any CPU
		{6562BA4C-0FF3-4A79-924A-D2ACF33E585D}.Release|Any CPU.ActiveCfg = Release|Any CPU
		{6562BA4C-0FF3-4A79-924A-D2ACF33E585D}.Release|Any CPU.Build.0 = Release|Any CPU
	EndGlobalSection
	GlobalSection(SolutionProperties) = preSolution
		HideSolutionNode = FALSE
	EndGlobalSection
	GlobalSection(ExtensibilityGlobals) = postSolution
		SolutionGuid = {F796F5C2-7E60-428C-8344-98A6E3B6831E}
	EndGlobalSection
EndGlobal
